
Microsoft Visual Studio Solution File, Format Version 12.00
# Visual Studio Version 16
VisualStudioVersion = 16.0.30907.101
MinimumVisualStudioVersion = 10.0.40219.1
Project("{FAE04EC0-301F-11D3-BF4B-00C04F79EFBC}") = "CalAgeBinarySerialize", "CalAgeBinarySerialize\CalAgeBinarySerialize.csproj", "{CF2C0AFC-4E24-419E-AAFC-17DBA4998FC9}"
EndProject
Global
	GlobalSection(SolutionConfigurationPlatforms) = preSolution
		Debug|Any CPU = Debug|Any CPU
		Release|Any CPU = Release|Any CPU
	EndGlobalSection
	GlobalSection(ProjectConfigurationPlatforms) = postSolution
		{CF2C0AFC-4E24-419E-AAFC-17DBA4998FC9}.Debug|Any CPU.ActiveCfg = Debug|Any CPU
		{CF2C0AFC-4E24-419E-AAFC-17DBA4998FC9}.Debug|Any CPU.Build.0 = Debug|Any CPU
		{CF2C0AFC-4E24-419E-AAFC-17DBA4998FC9}.Release|Any CPU.ActiveCfg = Release|Any CPU
		{CF2C0AFC-4E24-419E-AAFC-17DBA4998FC9}.Release|Any CPU.Build.0 = Release|Any CPU
	EndGlobalSection
	GlobalSection(SolutionProperties) = preSolution
		HideSolutionNode = FALSE
	EndGlobalSection
	GlobalSection(ExtensibilityGlobals) = postSolution
		SolutionGuid = {C95F0AA8-B098-4729-8882-5D653D360EFF}
	EndGlobalSection
EndGlobal
